
Microsoft Visual Studio Solution File, Format Version 12.00
# Visual Studio 15
VisualStudioVersion = 15.0.27130.2036
MinimumVisualStudioVersion = 10.0.40219.1
Project("{FAE04EC0-301F-11D3-BF4B-00C04F79EFBC}") = "CSFuncionario", "CSFuncionario\CSFuncionario.csproj", "{F1D59F64-8A6D-4E5B-9375-48E45E002651}"
EndProject
Global
	GlobalSection(SolutionConfigurationPlatforms) = preSolution
		Debug|Any CPU = Debug|Any CPU
		Release|Any CPU = Release|Any CPU
	EndGlobalSection
	GlobalSection(ProjectConfigurationPlatforms) = postSolution
		{F1D59F64-8A6D-4E5B-9375-48E45E002651}.Debug|Any CPU.ActiveCfg = Debug|Any CPU
		{F1D59F64-8A6D-4E5B-9375-48E45E002651}.Debug|Any CPU.Build.0 = Debug|Any CPU
		{F1D59F64-8A6D-4E5B-9375-48E45E002651}.Release|Any CPU.ActiveCfg = Release|Any CPU
		{F1D59F64-8A6D-4E5B-9375-48E45E002651}.Release|Any CPU.Build.0 = Release|Any CPU
	EndGlobalSection
	GlobalSection(SolutionProperties) = preSolution
		HideSolutionNode = FALSE
	EndGlobalSection
	GlobalSection(ExtensibilityGlobals) = postSolution
		SolutionGuid = {5E4A80B9-E2A3-4880-90FD-65FA8C723312}
	EndGlobalSection
EndGlobal
